
Microsoft Visual Studio Solution File, Format Version 12.00
# Visual Studio Version 17
VisualStudioVersion = 17.3.32929.385
MinimumVisualStudioVersion = 10.0.40219.1
Project("{9A19103F-16F7-4668-BE54-9A1E7A4F7556}") = "Aponus Web API", "Aponus Web API\Aponus Web API.csproj", "{C235B51C-FC46-43B2-A497-5880CEE30889}"
EndProject
Global
	GlobalSection(SolutionConfigurationPlatforms) = preSolution
		Debug|Any CPU = Debug|Any CPU
		Release|Any CPU = Release|Any CPU
	EndGlobalSection
	GlobalSection(ProjectConfigurationPlatforms) = postSolution
		{C235B51C-FC46-43B2-A497-5880CEE30889}.Debug|Any CPU.ActiveCfg = Debug|Any CPU
		{C235B51C-FC46-43B2-A497-5880CEE30889}.Debug|Any CPU.Build.0 = Debug|Any CPU
		{C235B51C-FC46-43B2-A497-5880CEE30889}.Release|Any CPU.ActiveCfg = Release|Any CPU
		{C235B51C-FC46-43B2-A497-5880CEE30889}.Release|Any CPU.Build.0 = Release|Any CPU
	EndGlobalSection
	GlobalSection(SolutionProperties) = preSolution
		HideSolutionNode = FALSE
	EndGlobalSection
	GlobalSection(ExtensibilityGlobals) = postSolution
		SolutionGuid = {01D176CD-D148-414E-AFC5-1F721E20D7C7}
	EndGlobalSection
EndGlobal
